// !$*UTF8*$!
{
	archiveVersion = 1;
	classes = {
	};
	objectVersion = 56;
	objects = {

/* Begin PBXBuildFile section */
		DF763D9D2C1827C9001F5B60 /* ShopModel.swift in Sources */ = {isa = PBXBuildFile; fileRef = DF763D9C2C1827C9001F5B60 /* ShopModel.swift */; };
		DF763DA12C18462B001F5B60 /* ShopEntity.swift in Sources */ = {isa = PBXBuildFile; fileRef = DF763DA02C18462B001F5B60 /* ShopEntity.swift */; };
		DF763DA32C185DFC001F5B60 /* HomeMapper.swift in Sources */ = {isa = PBXBuildFile; fileRef = DF763DA22C185DFC001F5B60 /* HomeMapper.swift */; };
		DF7F226A2C1AEA0800A182A7 /* ResponseErrorModel.swift in Sources */ = {isa = PBXBuildFile; fileRef = DF7F22692C1AEA0800A182A7 /* ResponseErrorModel.swift */; };
		DF7F226C2C1AEAF800A182A7 /* JSONManager.swift in Sources */ = {isa = PBXBuildFile; fileRef = DF7F226B2C1AEAF800A182A7 /* JSONManager.swift */; };
		DF93D8852C16C51400E9DC10 /* MoodShopApp.swift in Sources */ = {isa = PBXBuildFile; fileRef = DF93D8842C16C51400E9DC10 /* MoodShopApp.swift */; };
		DF93D8872C16C51400E9DC10 /* ContentView.swift in Sources */ = {isa = PBXBuildFile; fileRef = DF93D8862C16C51400E9DC10 /* ContentView.swift */; };
		DF93D8892C16C51600E9DC10 /* Assets.xcassets in Resources */ = {isa = PBXBuildFile; fileRef = DF93D8882C16C51600E9DC10 /* Assets.xcassets */; };
		DF93D88C2C16C51600E9DC10 /* Preview Assets.xcassets in Resources */ = {isa = PBXBuildFile; fileRef = DF93D88B2C16C51600E9DC10 /* Preview Assets.xcassets */; };
		DF93D8962C16C51600E9DC10 /* MoodShopTests.swift in Sources */ = {isa = PBXBuildFile; fileRef = DF93D8952C16C51600E9DC10 /* MoodShopTests.swift */; };
		DF93D8A02C16C51600E9DC10 /* MoodShopUITests.swift in Sources */ = {isa = PBXBuildFile; fileRef = DF93D89F2C16C51600E9DC10 /* MoodShopUITests.swift */; };
		DF93D8A22C16C51600E9DC10 /* MoodShopUITestsLaunchTests.swift in Sources */ = {isa = PBXBuildFile; fileRef = DF93D8A12C16C51600E9DC10 /* MoodShopUITestsLaunchTests.swift */; };
		DF93D8B12C16C63700E9DC10 /* .gitignore in Resources */ = {isa = PBXBuildFile; fileRef = DF93D8B02C16C63700E9DC10 /* .gitignore */; };
		DF93D8B62C16D5FA00E9DC10 /* DynamicTextModifier.swift in Sources */ = {isa = PBXBuildFile; fileRef = DF93D8B52C16D5FA00E9DC10 /* DynamicTextModifier.swift */; };
		DF93D8BA2C16EF0700E9DC10 /* HomeContainer.swift in Sources */ = {isa = PBXBuildFile; fileRef = DF93D8B92C16EF0700E9DC10 /* HomeContainer.swift */; };
		DF93D8BD2C16EF8900E9DC10 /* ContainerProtocol.swift in Sources */ = {isa = PBXBuildFile; fileRef = DF93D8BC2C16EF8900E9DC10 /* ContainerProtocol.swift */; };
		DF93D8C02C16F8B400E9DC10 /* NetworkManager.swift in Sources */ = {isa = PBXBuildFile; fileRef = DF93D8BF2C16F8B400E9DC10 /* NetworkManager.swift */; };
		DF93D8C22C16FEC300E9DC10 /* RouterProtocol.swift in Sources */ = {isa = PBXBuildFile; fileRef = DF93D8C12C16FEC300E9DC10 /* RouterProtocol.swift */; };
		DF93D8C42C17035A00E9DC10 /* APIKey.swift in Sources */ = {isa = PBXBuildFile; fileRef = DF93D8C32C17035A00E9DC10 /* APIKey.swift */; };
		DF93D8C72C17058E00E9DC10 /* Router.swift in Sources */ = {isa = PBXBuildFile; fileRef = DF93D8C62C17058E00E9DC10 /* Router.swift */; };
		DFA6D3692C197FD10017CEE2 /* HomeRepositoryProtocol.swift in Sources */ = {isa = PBXBuildFile; fileRef = DFA6D3682C197FD10017CEE2 /* HomeRepositoryProtocol.swift */; };
		DFA6D36C2C1980490017CEE2 /* HomeRepository.swift in Sources */ = {isa = PBXBuildFile; fileRef = DFA6D36B2C1980490017CEE2 /* HomeRepository.swift */; };
		DFA6D3702C198BF00017CEE2 /* CommonError.swift in Sources */ = {isa = PBXBuildFile; fileRef = DFA6D36F2C198BF00017CEE2 /* CommonError.swift */; };
		DFA6D3722C198FA80017CEE2 /* MapperProtocol.swift in Sources */ = {isa = PBXBuildFile; fileRef = DFA6D3712C198FA80017CEE2 /* MapperProtocol.swift */; };
		DFA711E62C22A39400D3936A /* Kingfisher in Frameworks */ = {isa = PBXBuildFile; productRef = DFA711E52C22A39400D3936A /* Kingfisher */; };
/* End PBXBuildFile section */

/* Begin PBXContainerItemProxy section */
		DF93D8922C16C51600E9DC10 /* PBXContainerItemProxy */ = {
			isa = PBXContainerItemProxy;
			containerPortal = DF93D8792C16C51400E9DC10 /* Project object */;
			proxyType = 1;
			remoteGlobalIDString = DF93D8802C16C51400E9DC10;
			remoteInfo = MoodShop;
		};
		DF93D89C2C16C51600E9DC10 /* PBXContainerItemProxy */ = {
			isa = PBXContainerItemProxy;
			containerPortal = DF93D8792C16C51400E9DC10 /* Project object */;
			proxyType = 1;
			remoteGlobalIDString = DF93D8802C16C51400E9DC10;
			remoteInfo = MoodShop;
		};
/* End PBXContainerItemProxy section */

/* Begin PBXFileReference section */
		DF763D9C2C1827C9001F5B60 /* ShopModel.swift */ = {isa = PBXFileReference; lastKnownFileType = sourcecode.swift; path = ShopModel.swift; sourceTree = "<group>"; };
		DF763DA02C18462B001F5B60 /* ShopEntity.swift */ = {isa = PBXFileReference; lastKnownFileType = sourcecode.swift; path = ShopEntity.swift; sourceTree = "<group>"; };
		DF763DA22C185DFC001F5B60 /* HomeMapper.swift */ = {isa = PBXFileReference; lastKnownFileType = sourcecode.swift; path = HomeMapper.swift; sourceTree = "<group>"; };
		DF7F22692C1AEA0800A182A7 /* ResponseErrorModel.swift */ = {isa = PBXFileReference; lastKnownFileType = sourcecode.swift; path = ResponseErrorModel.swift; sourceTree = "<group>"; };
		DF7F226B2C1AEAF800A182A7 /* JSONManager.swift */ = {isa = PBXFileReference; lastKnownFileType = sourcecode.swift; path = JSONManager.swift; sourceTree = "<group>"; };
		DF93D8812C16C51400E9DC10 /* MoodShop.app */ = {isa = PBXFileReference; explicitFileType = wrapper.application; includeInIndex = 0; path = MoodShop.app; sourceTree = BUILT_PRODUCTS_DIR; };
		DF93D8842C16C51400E9DC10 /* MoodShopApp.swift */ = {isa = PBXFileReference; lastKnownFileType = sourcecode.swift; path = MoodShopApp.swift; sourceTree = "<group>"; };
		DF93D8862C16C51400E9DC10 /* ContentView.swift */ = {isa = PBXFileReference; lastKnownFileType = sourcecode.swift; path = ContentView.swift; sourceTree = "<group>"; };
		DF93D8882C16C51600E9DC10 /* Assets.xcassets */ = {isa = PBXFileReference; lastKnownFileType = folder.assetcatalog; path = Assets.xcassets; sourceTree = "<group>"; };
		DF93D88B2C16C51600E9DC10 /* Preview Assets.xcassets */ = {isa = PBXFileReference; lastKnownFileType = folder.assetcatalog; path = "Preview Assets.xcassets"; sourceTree = "<group>"; };
		DF93D8912C16C51600E9DC10 /* MoodShopTests.xctest */ = {isa = PBXFileReference; explicitFileType = wrapper.cfbundle; includeInIndex = 0; path = MoodShopTests.xctest; sourceTree = BUILT_PRODUCTS_DIR; };
		DF93D8952C16C51600E9DC10 /* MoodShopTests.swift */ = {isa = PBXFileReference; lastKnownFileType = sourcecode.swift; path = MoodShopTests.swift; sourceTree = "<group>"; };
		DF93D89B2C16C51600E9DC10 /* MoodShopUITests.xctest */ = {isa = PBXFileReference; explicitFileType = wrapper.cfbundle; includeInIndex = 0; path = MoodShopUITests.xctest; sourceTree = BUILT_PRODUCTS_DIR; };
		DF93D89F2C16C51600E9DC10 /* MoodShopUITests.swift */ = {isa = PBXFileReference; lastKnownFileType = sourcecode.swift; path = MoodShopUITests.swift; sourceTree = "<group>"; };
		DF93D8A12C16C51600E9DC10 /* MoodShopUITestsLaunchTests.swift */ = {isa = PBXFileReference; lastKnownFileType = sourcecode.swift; path = MoodShopUITestsLaunchTests.swift; sourceTree = "<group>"; };
		DF93D8B02C16C63700E9DC10 /* .gitignore */ = {isa = PBXFileReference; lastKnownFileType = text; path = .gitignore; sourceTree = "<group>"; };
		DF93D8B52C16D5FA00E9DC10 /* DynamicTextModifier.swift */ = {isa = PBXFileReference; lastKnownFileType = sourcecode.swift; path = DynamicTextModifier.swift; sourceTree = "<group>"; };
		DF93D8B92C16EF0700E9DC10 /* HomeContainer.swift */ = {isa = PBXFileReference; lastKnownFileType = sourcecode.swift; path = HomeContainer.swift; sourceTree = "<group>"; };
		DF93D8BC2C16EF8900E9DC10 /* ContainerProtocol.swift */ = {isa = PBXFileReference; lastKnownFileType = sourcecode.swift; path = ContainerProtocol.swift; sourceTree = "<group>"; };
		DF93D8BF2C16F8B400E9DC10 /* NetworkManager.swift */ = {isa = PBXFileReference; lastKnownFileType = sourcecode.swift; path = NetworkManager.swift; sourceTree = "<group>"; };
		DF93D8C12C16FEC300E9DC10 /* RouterProtocol.swift */ = {isa = PBXFileReference; lastKnownFileType = sourcecode.swift; path = RouterProtocol.swift; sourceTree = "<group>"; };
		DF93D8C32C17035A00E9DC10 /* APIKey.swift */ = {isa = PBXFileReference; lastKnownFileType = sourcecode.swift; path = APIKey.swift; sourceTree = "<group>"; };
		DF93D8C62C17058E00E9DC10 /* Router.swift */ = {isa = PBXFileReference; lastKnownFileType = sourcecode.swift; path = Router.swift; sourceTree = "<group>"; };
		DFA6D3682C197FD10017CEE2 /* HomeRepositoryProtocol.swift */ = {isa = PBXFileReference; lastKnownFileType = sourcecode.swift; path = HomeRepositoryProtocol.swift; sourceTree = "<group>"; };
		DFA6D36B2C1980490017CEE2 /* HomeRepository.swift */ = {isa = PBXFileReference; lastKnownFileType = sourcecode.swift; path = HomeRepository.swift; sourceTree = "<group>"; };
		DFA6D36F2C198BF00017CEE2 /* CommonError.swift */ = {isa = PBXFileReference; lastKnownFileType = sourcecode.swift; path = CommonError.swift; sourceTree = "<group>"; };
		DFA6D3712C198FA80017CEE2 /* MapperProtocol.swift */ = {isa = PBXFileReference; lastKnownFileType = sourcecode.swift; path = MapperProtocol.swift; sourceTree = "<group>"; };
/* End PBXFileReference section */

/* Begin PBXFrameworksBuildPhase section */
		DF93D87E2C16C51400E9DC10 /* Frameworks */ = {
			isa = PBXFrameworksBuildPhase;
			buildActionMask = 2147483647;
			files = (
				DFA711E62C22A39400D3936A /* Kingfisher in Frameworks */,
			);
			runOnlyForDeploymentPostprocessing = 0;
		};
		DF93D88E2C16C51600E9DC10 /* Frameworks */ = {
			isa = PBXFrameworksBuildPhase;
			buildActionMask = 2147483647;
			files = (
			);
			runOnlyForDeploymentPostprocessing = 0;
		};
		DF93D8982C16C51600E9DC10 /* Frameworks */ = {
			isa = PBXFrameworksBuildPhase;
			buildActionMask = 2147483647;
			files = (
			);
			runOnlyForDeploymentPostprocessing = 0;
		};
/* End PBXFrameworksBuildPhase section */

/* Begin PBXGroup section */
		DF93D8782C16C51400E9DC10 = {
			isa = PBXGroup;
			children = (
				DF93D8B02C16C63700E9DC10 /* .gitignore */,
				DF93D8832C16C51400E9DC10 /* MoodShop */,
				DF93D8942C16C51600E9DC10 /* MoodShopTests */,
				DF93D89E2C16C51600E9DC10 /* MoodShopUITests */,
				DF93D8822C16C51400E9DC10 /* Products */,
			);
			sourceTree = "<group>";
		};
		DF93D8822C16C51400E9DC10 /* Products */ = {
			isa = PBXGroup;
			children = (
				DF93D8812C16C51400E9DC10 /* MoodShop.app */,
				DF93D8912C16C51600E9DC10 /* MoodShopTests.xctest */,
				DF93D89B2C16C51600E9DC10 /* MoodShopUITests.xctest */,
			);
			name = Products;
			sourceTree = "<group>";
		};
		DF93D8832C16C51400E9DC10 /* MoodShop */ = {
			isa = PBXGroup;
			children = (
				DF93D8C52C17048700E9DC10 /* Enum */,
				DF93D8BE2C16F88700E9DC10 /* Network */,
				DF93D8BB2C16EF7800E9DC10 /* Protocol */,
				DF93D8B22C16D52B00E9DC10 /* Scene */,
				DF93D8882C16C51600E9DC10 /* Assets.xcassets */,
				DF93D88A2C16C51600E9DC10 /* Preview Content */,
			);
			path = MoodShop;
			sourceTree = "<group>";
		};
		DF93D88A2C16C51600E9DC10 /* Preview Content */ = {
			isa = PBXGroup;
			children = (
				DF93D88B2C16C51600E9DC10 /* Preview Assets.xcassets */,
			);
			path = "Preview Content";
			sourceTree = "<group>";
		};
		DF93D8942C16C51600E9DC10 /* MoodShopTests */ = {
			isa = PBXGroup;
			children = (
				DF93D8952C16C51600E9DC10 /* MoodShopTests.swift */,
			);
			path = MoodShopTests;
			sourceTree = "<group>";
		};
		DF93D89E2C16C51600E9DC10 /* MoodShopUITests */ = {
			isa = PBXGroup;
			children = (
				DF93D89F2C16C51600E9DC10 /* MoodShopUITests.swift */,
				DF93D8A12C16C51600E9DC10 /* MoodShopUITestsLaunchTests.swift */,
			);
			path = MoodShopUITests;
			sourceTree = "<group>";
		};
		DF93D8B22C16D52B00E9DC10 /* Scene */ = {
			isa = PBXGroup;
			children = (
				DF93D8842C16C51400E9DC10 /* MoodShopApp.swift */,
				DF93D8B42C16D54E00E9DC10 /* Modifier */,
				DF93D8B32C16D53C00E9DC10 /* Home */,
			);
			path = Scene;
			sourceTree = "<group>";
		};
		DF93D8B32C16D53C00E9DC10 /* Home */ = {
			isa = PBXGroup;
			children = (
				DFA6D36A2C19803D0017CEE2 /* Repository */,
				DFA6D3672C1978350017CEE2 /* Mapper */,
				DF93D8B82C16EEED00E9DC10 /* Container */,
				DF93D8B72C16EEE100E9DC10 /* View */,
			);
			path = Home;
			sourceTree = "<group>";
		};
		DF93D8B42C16D54E00E9DC10 /* Modifier */ = {
			isa = PBXGroup;
			children = (
				DF93D8B52C16D5FA00E9DC10 /* DynamicTextModifier.swift */,
			);
			path = Modifier;
			sourceTree = "<group>";
		};
		DF93D8B72C16EEE100E9DC10 /* View */ = {
			isa = PBXGroup;
			children = (
				DF93D8862C16C51400E9DC10 /* ContentView.swift */,
			);
			path = View;
			sourceTree = "<group>";
		};
		DF93D8B82C16EEED00E9DC10 /* Container */ = {
			isa = PBXGroup;
			children = (
				DF93D8B92C16EF0700E9DC10 /* HomeContainer.swift */,
			);
			path = Container;
			sourceTree = "<group>";
		};
		DF93D8BB2C16EF7800E9DC10 /* Protocol */ = {
			isa = PBXGroup;
			children = (
				DF93D8BC2C16EF8900E9DC10 /* ContainerProtocol.swift */,
				DF93D8C12C16FEC300E9DC10 /* RouterProtocol.swift */,
				DFA6D3682C197FD10017CEE2 /* HomeRepositoryProtocol.swift */,
				DFA6D3712C198FA80017CEE2 /* MapperProtocol.swift */,
			);
			path = Protocol;
			sourceTree = "<group>";
		};
		DF93D8BE2C16F88700E9DC10 /* Network */ = {
			isa = PBXGroup;
			children = (
				DF93D8BF2C16F8B400E9DC10 /* NetworkManager.swift */,
				DF93D8C62C17058E00E9DC10 /* Router.swift */,
				DF763D9C2C1827C9001F5B60 /* ShopModel.swift */,
				DF763DA02C18462B001F5B60 /* ShopEntity.swift */,
				DF7F22692C1AEA0800A182A7 /* ResponseErrorModel.swift */,
				DF7F226B2C1AEAF800A182A7 /* JSONManager.swift */,
			);
			path = Network;
			sourceTree = "<group>";
		};
		DF93D8C52C17048700E9DC10 /* Enum */ = {
			isa = PBXGroup;
			children = (
				DF93D8C32C17035A00E9DC10 /* APIKey.swift */,
				DFA6D36F2C198BF00017CEE2 /* CommonError.swift */,
			);
			path = Enum;
			sourceTree = "<group>";
		};
		DFA6D3672C1978350017CEE2 /* Mapper */ = {
			isa = PBXGroup;
			children = (
				DF763DA22C185DFC001F5B60 /* HomeMapper.swift */,
			);
			path = Mapper;
			sourceTree = "<group>";
		};
		DFA6D36A2C19803D0017CEE2 /* Repository */ = {
			isa = PBXGroup;
			children = (
				DFA6D36B2C1980490017CEE2 /* HomeRepository.swift */,
			);
			path = Repository;
			sourceTree = "<group>";
		};
/* End PBXGroup section */

/* Begin PBXNativeTarget section */
		DF93D8802C16C51400E9DC10 /* MoodShop */ = {
			isa = PBXNativeTarget;
			buildConfigurationList = DF93D8A52C16C51600E9DC10 /* Build configuration list for PBXNativeTarget "MoodShop" */;
			buildPhases = (
				DF93D87D2C16C51400E9DC10 /* Sources */,
				DF93D87E2C16C51400E9DC10 /* Frameworks */,
				DF93D87F2C16C51400E9DC10 /* Resources */,
			);
			buildRules = (
			);
			dependencies = (
			);
			name = MoodShop;
			packageProductDependencies = (
				DFA711E52C22A39400D3936A /* Kingfisher */,
			);
			productName = MoodShop;
			productReference = DF93D8812C16C51400E9DC10 /* MoodShop.app */;
			productType = "com.apple.product-type.application";
		};
		DF93D8902C16C51600E9DC10 /* MoodShopTests */ = {
			isa = PBXNativeTarget;
			buildConfigurationList = DF93D8A82C16C51600E9DC10 /* Build configuration list for PBXNativeTarget "MoodShopTests" */;
			buildPhases = (
				DF93D88D2C16C51600E9DC10 /* Sources */,
				DF93D88E2C16C51600E9DC10 /* Frameworks */,
				DF93D88F2C16C51600E9DC10 /* Resources */,
			);
			buildRules = (
			);
			dependencies = (
				DF93D8932C16C51600E9DC10 /* PBXTargetDependency */,
			);
			name = MoodShopTests;
			productName = MoodShopTests;
			productReference = DF93D8912C16C51600E9DC10 /* MoodShopTests.xctest */;
			productType = "com.apple.product-type.bundle.unit-test";
		};
		DF93D89A2C16C51600E9DC10 /* MoodShopUITests */ = {
			isa = PBXNativeTarget;
			buildConfigurationList = DF93D8AB2C16C51600E9DC10 /* Build configuration list for PBXNativeTarget "MoodShopUITests" */;
			buildPhases = (
				DF93D8972C16C51600E9DC10 /* Sources */,
				DF93D8982C16C51600E9DC10 /* Frameworks */,
				DF93D8992C16C51600E9DC10 /* Resources */,
			);
			buildRules = (
			);
			dependencies = (
				DF93D89D2C16C51600E9DC10 /* PBXTargetDependency */,
			);
			name = MoodShopUITests;
			productName = MoodShopUITests;
			productReference = DF93D89B2C16C51600E9DC10 /* MoodShopUITests.xctest */;
			productType = "com.apple.product-type.bundle.ui-testing";
		};
/* End PBXNativeTarget section */

/* Begin PBXProject section */
		DF93D8792C16C51400E9DC10 /* Project object */ = {
			isa = PBXProject;
			attributes = {
				BuildIndependentTargetsInParallel = 1;
				LastSwiftUpdateCheck = 1530;
				LastUpgradeCheck = 1530;
				TargetAttributes = {
					DF93D8802C16C51400E9DC10 = {
						CreatedOnToolsVersion = 15.3;
					};
					DF93D8902C16C51600E9DC10 = {
						CreatedOnToolsVersion = 15.3;
						TestTargetID = DF93D8802C16C51400E9DC10;
					};
					DF93D89A2C16C51600E9DC10 = {
						CreatedOnToolsVersion = 15.3;
						TestTargetID = DF93D8802C16C51400E9DC10;
					};
				};
			};
			buildConfigurationList = DF93D87C2C16C51400E9DC10 /* Build configuration list for PBXProject "MoodShop" */;
			compatibilityVersion = "Xcode 14.0";
			developmentRegion = en;
			hasScannedForEncodings = 0;
			knownRegions = (
				en,
				Base,
			);
			mainGroup = DF93D8782C16C51400E9DC10;
			packageReferences = (
				DFA711E42C22A39400D3936A /* XCRemoteSwiftPackageReference "Kingfisher" */,
			);
			productRefGroup = DF93D8822C16C51400E9DC10 /* Products */;
			projectDirPath = "";
			projectRoot = "";
			targets = (
				DF93D8802C16C51400E9DC10 /* MoodShop */,
				DF93D8902C16C51600E9DC10 /* MoodShopTests */,
				DF93D89A2C16C51600E9DC10 /* MoodShopUITests */,
			);
		};
/* End PBXProject section */

/* Begin PBXResourcesBuildPhase section */
		DF93D87F2C16C51400E9DC10 /* Resources */ = {
			isa = PBXResourcesBuildPhase;
			buildActionMask = 2147483647;
			files = (
				DF93D88C2C16C51600E9DC10 /* Preview Assets.xcassets in Resources */,
				DF93D8B12C16C63700E9DC10 /* .gitignore in Resources */,
				DF93D8892C16C51600E9DC10 /* Assets.xcassets in Resources */,
			);
			runOnlyForDeploymentPostprocessing = 0;
		};
		DF93D88F2C16C51600E9DC10 /* Resources */ = {
			isa = PBXResourcesBuildPhase;
			buildActionMask = 2147483647;
			files = (
			);
			runOnlyForDeploymentPostprocessing = 0;
		};
		DF93D8992C16C51600E9DC10 /* Resources */ = {
			isa = PBXResourcesBuildPhase;
			buildActionMask = 2147483647;
			files = (
			);
			runOnlyForDeploymentPostprocessing = 0;
		};
/* End PBXResourcesBuildPhase section */

/* Begin PBXSourcesBuildPhase section */
		DF93D87D2C16C51400E9DC10 /* Sources */ = {
			isa = PBXSourcesBuildPhase;
			buildActionMask = 2147483647;
			files = (
				DF93D8C02C16F8B400E9DC10 /* NetworkManager.swift in Sources */,
				DF93D8C22C16FEC300E9DC10 /* RouterProtocol.swift in Sources */,
				DF93D8C42C17035A00E9DC10 /* APIKey.swift in Sources */,
				DF763D9D2C1827C9001F5B60 /* ShopModel.swift in Sources */,
				DFA6D3692C197FD10017CEE2 /* HomeRepositoryProtocol.swift in Sources */,
				DF93D8872C16C51400E9DC10 /* ContentView.swift in Sources */,
				DFA6D3722C198FA80017CEE2 /* MapperProtocol.swift in Sources */,
				DF7F226A2C1AEA0800A182A7 /* ResponseErrorModel.swift in Sources */,
				DF93D8C72C17058E00E9DC10 /* Router.swift in Sources */,
				DF93D8BD2C16EF8900E9DC10 /* ContainerProtocol.swift in Sources */,
				DFA6D36C2C1980490017CEE2 /* HomeRepository.swift in Sources */,
				DF763DA12C18462B001F5B60 /* ShopEntity.swift in Sources */,
				DFA6D3702C198BF00017CEE2 /* CommonError.swift in Sources */,
				DF93D8B62C16D5FA00E9DC10 /* DynamicTextModifier.swift in Sources */,
				DF763DA32C185DFC001F5B60 /* HomeMapper.swift in Sources */,
				DF7F226C2C1AEAF800A182A7 /* JSONManager.swift in Sources */,
				DF93D8BA2C16EF0700E9DC10 /* HomeContainer.swift in Sources */,
				DF93D8852C16C51400E9DC10 /* MoodShopApp.swift in Sources */,
			);
			runOnlyForDeploymentPostprocessing = 0;
		};
		DF93D88D2C16C51600E9DC10 /* Sources */ = {
			isa = PBXSourcesBuildPhase;
			buildActionMask = 2147483647;
			files = (
				DF93D8962C16C51600E9DC10 /* MoodShopTests.swift in Sources */,
			);
			runOnlyForDeploymentPostprocessing = 0;
		};
		DF93D8972C16C51600E9DC10 /* Sources */ = {
			isa = PBXSourcesBuildPhase;
			buildActionMask = 2147483647;
			files = (
				DF93D8A22C16C51600E9DC10 /* MoodShopUITestsLaunchTests.swift in Sources */,
				DF93D8A02C16C51600E9DC10 /* MoodShopUITests.swift in Sources */,
			);
			runOnlyForDeploymentPostprocessing = 0;
		};
/* End PBXSourcesBuildPhase section */

/* Begin PBXTargetDependency section */
		DF93D8932C16C51600E9DC10 /* PBXTargetDependency */ = {
			isa = PBXTargetDependency;
			target = DF93D8802C16C51400E9DC10 /* MoodShop */;
			targetProxy = DF93D8922C16C51600E9DC10 /* PBXContainerItemProxy */;
		};
		DF93D89D2C16C51600E9DC10 /* PBXTargetDependency */ = {
			isa = PBXTargetDependency;
			target = DF93D8802C16C51400E9DC10 /* MoodShop */;
			targetProxy = DF93D89C2C16C51600E9DC10 /* PBXContainerItemProxy */;
		};
/* End PBXTargetDependency section */

/* Begin XCBuildConfiguration section */
		DF93D8A32C16C51600E9DC10 /* Debug */ = {
			isa = XCBuildConfiguration;
			buildSettings = {
				ALWAYS_SEARCH_USER_PATHS = NO;
				ASSETCATALOG_COMPILER_GENERATE_SWIFT_ASSET_SYMBOL_EXTENSIONS = YES;
				CLANG_ANALYZER_NONNULL = YES;
				CLANG_ANALYZER_NUMBER_OBJECT_CONVERSION = YES_AGGRESSIVE;
				CLANG_CXX_LANGUAGE_STANDARD = "gnu++20";
				CLANG_ENABLE_MODULES = YES;
				CLANG_ENABLE_OBJC_ARC = YES;
				CLANG_ENABLE_OBJC_WEAK = YES;
				CLANG_WARN_BLOCK_CAPTURE_AUTORELEASING = YES;
				CLANG_WARN_BOOL_CONVERSION = YES;
				CLANG_WARN_COMMA = YES;
				CLANG_WARN_CONSTANT_CONVERSION = YES;
				CLANG_WARN_DEPRECATED_OBJC_IMPLEMENTATIONS = YES;
				CLANG_WARN_DIRECT_OBJC_ISA_USAGE = YES_ERROR;
				CLANG_WARN_DOCUMENTATION_COMMENTS = YES;
				CLANG_WARN_EMPTY_BODY = YES;
				CLANG_WARN_ENUM_CONVERSION = YES;
				CLANG_WARN_INFINITE_RECURSION = YES;
				CLANG_WARN_INT_CONVERSION = YES;
				CLANG_WARN_NON_LITERAL_NULL_CONVERSION = YES;
				CLANG_WARN_OBJC_IMPLICIT_RETAIN_SELF = YES;
				CLANG_WARN_OBJC_LITERAL_CONVERSION = YES;
				CLANG_WARN_OBJC_ROOT_CLASS = YES_ERROR;
				CLANG_WARN_QUOTED_INCLUDE_IN_FRAMEWORK_HEADER = YES;
				CLANG_WARN_RANGE_LOOP_ANALYSIS = YES;
				CLANG_WARN_STRICT_PROTOTYPES = YES;
				CLANG_WARN_SUSPICIOUS_MOVE = YES;
				CLANG_WARN_UNGUARDED_AVAILABILITY = YES_AGGRESSIVE;
				CLANG_WARN_UNREACHABLE_CODE = YES;
				CLANG_WARN__DUPLICATE_METHOD_MATCH = YES;
				COPY_PHASE_STRIP = NO;
				DEBUG_INFORMATION_FORMAT = dwarf;
				ENABLE_STRICT_OBJC_MSGSEND = YES;
				ENABLE_TESTABILITY = YES;
				ENABLE_USER_SCRIPT_SANDBOXING = YES;
				GCC_C_LANGUAGE_STANDARD = gnu17;
				GCC_DYNAMIC_NO_PIC = NO;
				GCC_NO_COMMON_BLOCKS = YES;
				GCC_OPTIMIZATION_LEVEL = 0;
				GCC_PREPROCESSOR_DEFINITIONS = (
					"DEBUG=1",
					"$(inherited)",
				);
				GCC_WARN_64_TO_32_BIT_CONVERSION = YES;
				GCC_WARN_ABOUT_RETURN_TYPE = YES_ERROR;
				GCC_WARN_UNDECLARED_SELECTOR = YES;
				GCC_WARN_UNINITIALIZED_AUTOS = YES_AGGRESSIVE;
				GCC_WARN_UNUSED_FUNCTION = YES;
				GCC_WARN_UNUSED_VARIABLE = YES;
				IPHONEOS_DEPLOYMENT_TARGET = 17.4;
				LOCALIZATION_PREFERS_STRING_CATALOGS = YES;
				MTL_ENABLE_DEBUG_INFO = INCLUDE_SOURCE;
				MTL_FAST_MATH = YES;
				ONLY_ACTIVE_ARCH = YES;
				SDKROOT = iphoneos;
				SWIFT_ACTIVE_COMPILATION_CONDITIONS = "DEBUG $(inherited)";
				SWIFT_OPTIMIZATION_LEVEL = "-Onone";
			};
			name = Debug;
		};
		DF93D8A42C16C51600E9DC10 /* Release */ = {
			isa = XCBuildConfiguration;
			buildSettings = {
				ALWAYS_SEARCH_USER_PATHS = NO;
				ASSETCATALOG_COMPILER_GENERATE_SWIFT_ASSET_SYMBOL_EXTENSIONS = YES;
				CLANG_ANALYZER_NONNULL = YES;
				CLANG_ANALYZER_NUMBER_OBJECT_CONVERSION = YES_AGGRESSIVE;
				CLANG_CXX_LANGUAGE_STANDARD = "gnu++20";
				CLANG_ENABLE_MODULES = YES;
				CLANG_ENABLE_OBJC_ARC = YES;
				CLANG_ENABLE_OBJC_WEAK = YES;
				CLANG_WARN_BLOCK_CAPTURE_AUTORELEASING = YES;
				CLANG_WARN_BOOL_CONVERSION = YES;
				CLANG_WARN_COMMA = YES;
				CLANG_WARN_CONSTANT_CONVERSION = YES;
				CLANG_WARN_DEPRECATED_OBJC_IMPLEMENTATIONS = YES;
				CLANG_WARN_DIRECT_OBJC_ISA_USAGE = YES_ERROR;
				CLANG_WARN_DOCUMENTATION_COMMENTS = YES;
				CLANG_WARN_EMPTY_BODY = YES;
				CLANG_WARN_ENUM_CONVERSION = YES;
				CLANG_WARN_INFINITE_RECURSION = YES;
				CLANG_WARN_INT_CONVERSION = YES;
				CLANG_WARN_NON_LITERAL_NULL_CONVERSION = YES;
				CLANG_WARN_OBJC_IMPLICIT_RETAIN_SELF = YES;
				CLANG_WARN_OBJC_LITERAL_CONVERSION = YES;
				CLANG_WARN_OBJC_ROOT_CLASS = YES_ERROR;
				CLANG_WARN_QUOTED_INCLUDE_IN_FRAMEWORK_HEADER = YES;
				CLANG_WARN_RANGE_LOOP_ANALYSIS = YES;
				CLANG_WARN_STRICT_PROTOTYPES = YES;
				CLANG_WARN_SUSPICIOUS_MOVE = YES;
				CLANG_WARN_UNGUARDED_AVAILABILITY = YES_AGGRESSIVE;
				CLANG_WARN_UNREACHABLE_CODE = YES;
				CLANG_WARN__DUPLICATE_METHOD_MATCH = YES;
				COPY_PHASE_STRIP = NO;
				DEBUG_INFORMATION_FORMAT = "dwarf-with-dsym";
				ENABLE_NS_ASSERTIONS = NO;
				ENABLE_STRICT_OBJC_MSGSEND = YES;
				ENABLE_USER_SCRIPT_SANDBOXING = YES;
				GCC_C_LANGUAGE_STANDARD = gnu17;
				GCC_NO_COMMON_BLOCKS = YES;
				GCC_WARN_64_TO_32_BIT_CONVERSION = YES;
				GCC_WARN_ABOUT_RETURN_TYPE = YES_ERROR;
				GCC_WARN_UNDECLARED_SELECTOR = YES;
				GCC_WARN_UNINITIALIZED_AUTOS = YES_AGGRESSIVE;
				GCC_WARN_UNUSED_FUNCTION = YES;
				GCC_WARN_UNUSED_VARIABLE = YES;
				IPHONEOS_DEPLOYMENT_TARGET = 17.4;
				LOCALIZATION_PREFERS_STRING_CATALOGS = YES;
				MTL_ENABLE_DEBUG_INFO = NO;
				MTL_FAST_MATH = YES;
				SDKROOT = iphoneos;
				SWIFT_COMPILATION_MODE = wholemodule;
				VALIDATE_PRODUCT = YES;
			};
			name = Release;
		};
		DF93D8A62C16C51600E9DC10 /* Debug */ = {
			isa = XCBuildConfiguration;
			buildSettings = {
				ASSETCATALOG_COMPILER_APPICON_NAME = AppIcon;
				ASSETCATALOG_COMPILER_GLOBAL_ACCENT_COLOR_NAME = AccentColor;
				CODE_SIGN_STYLE = Automatic;
				CURRENT_PROJECT_VERSION = 1;
				DEVELOPMENT_ASSET_PATHS = "\"MoodShop/Preview Content\"";
				DEVELOPMENT_TEAM = QQ67S8HZ4F;
				ENABLE_PREVIEWS = YES;
				GENERATE_INFOPLIST_FILE = YES;
				INFOPLIST_KEY_UIApplicationSceneManifest_Generation = YES;
				INFOPLIST_KEY_UIApplicationSupportsIndirectInputEvents = YES;
				INFOPLIST_KEY_UILaunchScreen_Generation = YES;
				INFOPLIST_KEY_UISupportedInterfaceOrientations_iPad = "UIInterfaceOrientationPortrait UIInterfaceOrientationPortraitUpsideDown UIInterfaceOrientationLandscapeLeft UIInterfaceOrientationLandscapeRight";
				INFOPLIST_KEY_UISupportedInterfaceOrientations_iPhone = "UIInterfaceOrientationPortrait UIInterfaceOrientationLandscapeLeft UIInterfaceOrientationLandscapeRight";
				IPHONEOS_DEPLOYMENT_TARGET = 15.0;
				LD_RUNPATH_SEARCH_PATHS = (
					"$(inherited)",
					"@executable_path/Frameworks",
				);
				MARKETING_VERSION = 1.0;
				PRODUCT_BUNDLE_IDENTIFIER = com.melon.MoodShop;
				PRODUCT_NAME = "$(TARGET_NAME)";
				SWIFT_EMIT_LOC_STRINGS = YES;
				SWIFT_VERSION = 5.0;
				TARGETED_DEVICE_FAMILY = "1,2";
			};
			name = Debug;
		};
		DF93D8A72C16C51600E9DC10 /* Release */ = {
			isa = XCBuildConfiguration;
			buildSettings = {
				ASSETCATALOG_COMPILER_APPICON_NAME = AppIcon;
				ASSETCATALOG_COMPILER_GLOBAL_ACCENT_COLOR_NAME = AccentColor;
				CODE_SIGN_STYLE = Automatic;
				CURRENT_PROJECT_VERSION = 1;
				DEVELOPMENT_ASSET_PATHS = "\"MoodShop/Preview Content\"";
				DEVELOPMENT_TEAM = QQ67S8HZ4F;
				ENABLE_PREVIEWS = YES;
				GENERATE_INFOPLIST_FILE = YES;
				INFOPLIST_KEY_UIApplicationSceneManifest_Generation = YES;
				INFOPLIST_KEY_UIApplicationSupportsIndirectInputEvents = YES;
				INFOPLIST_KEY_UILaunchScreen_Generation = YES;
				INFOPLIST_KEY_UISupportedInterfaceOrientations_iPad = "UIInterfaceOrientationPortrait UIInterfaceOrientationPortraitUpsideDown UIInterfaceOrientationLandscapeLeft UIInterfaceOrientationLandscapeRight";
				INFOPLIST_KEY_UISupportedInterfaceOrientations_iPhone = "UIInterfaceOrientationPortrait UIInterfaceOrientationLandscapeLeft UIInterfaceOrientationLandscapeRight";
				IPHONEOS_DEPLOYMENT_TARGET = 15.0;
				LD_RUNPATH_SEARCH_PATHS = (
					"$(inherited)",
					"@executable_path/Frameworks",
				);
				MARKETING_VERSION = 1.0;
				PRODUCT_BUNDLE_IDENTIFIER = com.melon.MoodShop;
				PRODUCT_NAME = "$(TARGET_NAME)";
				SWIFT_EMIT_LOC_STRINGS = YES;
				SWIFT_VERSION = 5.0;
				TARGETED_DEVICE_FAMILY = "1,2";
			};
			name = Release;
		};
		DF93D8A92C16C51600E9DC10 /* Debug */ = {
			isa = XCBuildConfiguration;
			buildSettings = {
				ALWAYS_EMBED_SWIFT_STANDARD_LIBRARIES = YES;
				BUNDLE_LOADER = "$(TEST_HOST)";
				CODE_SIGN_STYLE = Automatic;
				CURRENT_PROJECT_VERSION = 1;
				DEVELOPMENT_TEAM = QQ67S8HZ4F;
				GENERATE_INFOPLIST_FILE = YES;
				IPHONEOS_DEPLOYMENT_TARGET = 17.4;
				MARKETING_VERSION = 1.0;
				PRODUCT_BUNDLE_IDENTIFIER = com.melon.MoodShopTests;
				PRODUCT_NAME = "$(TARGET_NAME)";
				SWIFT_EMIT_LOC_STRINGS = NO;
				SWIFT_VERSION = 5.0;
				TARGETED_DEVICE_FAMILY = "1,2";
				TEST_HOST = "$(BUILT_PRODUCTS_DIR)/MoodShop.app/$(BUNDLE_EXECUTABLE_FOLDER_PATH)/MoodShop";
			};
			name = Debug;
		};
		DF93D8AA2C16C51600E9DC10 /* Release */ = {
			isa = XCBuildConfiguration;
			buildSettings = {
				ALWAYS_EMBED_SWIFT_STANDARD_LIBRARIES = YES;
				BUNDLE_LOADER = "$(TEST_HOST)";
				CODE_SIGN_STYLE = Automatic;
				CURRENT_PROJECT_VERSION = 1;
				DEVELOPMENT_TEAM = QQ67S8HZ4F;
				GENERATE_INFOPLIST_FILE = YES;
				IPHONEOS_DEPLOYMENT_TARGET = 17.4;
				MARKETING_VERSION = 1.0;
				PRODUCT_BUNDLE_IDENTIFIER = com.melon.MoodShopTests;
				PRODUCT_NAME = "$(TARGET_NAME)";
				SWIFT_EMIT_LOC_STRINGS = NO;
				SWIFT_VERSION = 5.0;
				TARGETED_DEVICE_FAMILY = "1,2";
				TEST_HOST = "$(BUILT_PRODUCTS_DIR)/MoodShop.app/$(BUNDLE_EXECUTABLE_FOLDER_PATH)/MoodShop";
			};
			name = Release;
		};
		DF93D8AC2C16C51600E9DC10 /* Debug */ = {
			isa = XCBuildConfiguration;
			buildSettings = {
				ALWAYS_EMBED_SWIFT_STANDARD_LIBRARIES = YES;
				CODE_SIGN_STYLE = Automatic;
				CURRENT_PROJECT_VERSION = 1;
				DEVELOPMENT_TEAM = QQ67S8HZ4F;
				GENERATE_INFOPLIST_FILE = YES;
				MARKETING_VERSION = 1.0;
				PRODUCT_BUNDLE_IDENTIFIER = com.melon.MoodShopUITests;
				PRODUCT_NAME = "$(TARGET_NAME)";
				SWIFT_EMIT_LOC_STRINGS = NO;
				SWIFT_VERSION = 5.0;
				TARGETED_DEVICE_FAMILY = "1,2";
				TEST_TARGET_NAME = MoodShop;
			};
			name = Debug;
		};
		DF93D8AD2C16C51600E9DC10 /* Release */ = {
			isa = XCBuildConfiguration;
			buildSettings = {
				ALWAYS_EMBED_SWIFT_STANDARD_LIBRARIES = YES;
				CODE_SIGN_STYLE = Automatic;
				CURRENT_PROJECT_VERSION = 1;
				DEVELOPMENT_TEAM = QQ67S8HZ4F;
				GENERATE_INFOPLIST_FILE = YES;
				MARKETING_VERSION = 1.0;
				PRODUCT_BUNDLE_IDENTIFIER = com.melon.MoodShopUITests;
				PRODUCT_NAME = "$(TARGET_NAME)";
				SWIFT_EMIT_LOC_STRINGS = NO;
				SWIFT_VERSION = 5.0;
				TARGETED_DEVICE_FAMILY = "1,2";
				TEST_TARGET_NAME = MoodShop;
			};
			name = Release;
		};
/* End XCBuildConfiguration section */

/* Begin XCConfigurationList section */
		DF93D87C2C16C51400E9DC10 /* Build configuration list for PBXProject "MoodShop" */ = {
			isa = XCConfigurationList;
			buildConfigurations = (
				DF93D8A32C16C51600E9DC10 /* Debug */,
				DF93D8A42C16C51600E9DC10 /* Release */,
			);
			defaultConfigurationIsVisible = 0;
			defaultConfigurationName = Release;
		};
		DF93D8A52C16C51600E9DC10 /* Build configuration list for PBXNativeTarget "MoodShop" */ = {
			isa = XCConfigurationList;
			buildConfigurations = (
				DF93D8A62C16C51600E9DC10 /* Debug */,
				DF93D8A72C16C51600E9DC10 /* Release */,
			);
			defaultConfigurationIsVisible = 0;
			defaultConfigurationName = Release;
		};
		DF93D8A82C16C51600E9DC10 /* Build configuration list for PBXNativeTarget "MoodShopTests" */ = {
			isa = XCConfigurationList;
			buildConfigurations = (
				DF93D8A92C16C51600E9DC10 /* Debug */,
				DF93D8AA2C16C51600E9DC10 /* Release */,
			);
			defaultConfigurationIsVisible = 0;
			defaultConfigurationName = Release;
		};
		DF93D8AB2C16C51600E9DC10 /* Build configuration list for PBXNativeTarget "MoodShopUITests" */ = {
			isa = XCConfigurationList;
			buildConfigurations = (
				DF93D8AC2C16C51600E9DC10 /* Debug */,
				DF93D8AD2C16C51600E9DC10 /* Release */,
			);
			defaultConfigurationIsVisible = 0;
			defaultConfigurationName = Release;
		};
/* End XCConfigurationList section */

/* Begin XCRemoteSwiftPackageReference section */
		DFA711E42C22A39400D3936A /* XCRemoteSwiftPackageReference "Kingfisher" */ = {
			isa = XCRemoteSwiftPackageReference;
			repositoryURL = "https://github.com/onevcat/Kingfisher.git";
			requirement = {
				kind = upToNextMajorVersion;
				minimumVersion = 7.12.0;
			};
		};
/* End XCRemoteSwiftPackageReference section */

/* Begin XCSwiftPackageProductDependency section */
		DFA711E52C22A39400D3936A /* Kingfisher */ = {
			isa = XCSwiftPackageProductDependency;
			package = DFA711E42C22A39400D3936A /* XCRemoteSwiftPackageReference "Kingfisher" */;
			productName = Kingfisher;
		};
/* End XCSwiftPackageProductDependency section */
	};
	rootObject = DF93D8792C16C51400E9DC10 /* Project object */;
}
